
Microsoft Visual Studio Solution File, Format Version 12.00
# Visual Studio Version 17
VisualStudioVersion = 17.5.002.0
MinimumVisualStudioVersion = 10.0.40219.1
Project("{2150E333-8FDC-42A3-9474-1A3956D46DE8}") = "src", "src", "{166C3B57-B726-4190-9D4C-36EC176E50F6}"
EndProject
Project("{9A19103F-16F7-4668-BE54-9A1E7A4F7556}") = "Leet133", "src\Leet133\Leet133.csproj", "{010C0FBB-725B-47EC-8BCC-89DD106544B2}"
EndProject
Global
	GlobalSection(SolutionConfigurationPlatforms) = preSolution
		Debug|Any CPU = Debug|Any CPU
		Release|Any CPU = Release|Any CPU
	EndGlobalSection
	GlobalSection(ProjectConfigurationPlatforms) = postSolution
		{010C0FBB-725B-47EC-8BCC-89DD106544B2}.Debug|Any CPU.ActiveCfg = Debug|Any CPU
		{010C0FBB-725B-47EC-8BCC-89DD106544B2}.Debug|Any CPU.Build.0 = Debug|Any CPU
		{010C0FBB-725B-47EC-8BCC-89DD106544B2}.Release|Any CPU.ActiveCfg = Release|Any CPU
		{010C0FBB-725B-47EC-8BCC-89DD106544B2}.Release|Any CPU.Build.0 = Release|Any CPU
	EndGlobalSection
	GlobalSection(SolutionProperties) = preSolution
		HideSolutionNode = FALSE
	EndGlobalSection
	GlobalSection(NestedProjects) = preSolution
		{010C0FBB-725B-47EC-8BCC-89DD106544B2} = {166C3B57-B726-4190-9D4C-36EC176E50F6}
	EndGlobalSection
	GlobalSection(ExtensibilityGlobals) = postSolution
		SolutionGuid = {5FEB3234-C327-4381-985D-5C9284B58A7C}
	EndGlobalSection
EndGlobal
