
Microsoft Visual Studio Solution File, Format Version 12.00
# Visual Studio Version 17
VisualStudioVersion = 17.5.002.0
MinimumVisualStudioVersion = 10.0.40219.1
Project("{9A19103F-16F7-4668-BE54-9A1E7A4F7556}") = "Leet_100", "Leet_100.csproj", "{FD013784-98B1-44E4-BD23-B06D54D0EDD8}"
EndProject
Global
	GlobalSection(SolutionConfigurationPlatforms) = preSolution
		Debug|Any CPU = Debug|Any CPU
		Release|Any CPU = Release|Any CPU
	EndGlobalSection
	GlobalSection(ProjectConfigurationPlatforms) = postSolution
		{FD013784-98B1-44E4-BD23-B06D54D0EDD8}.Debug|Any CPU.ActiveCfg = Debug|Any CPU
		{FD013784-98B1-44E4-BD23-B06D54D0EDD8}.Debug|Any CPU.Build.0 = Debug|Any CPU
		{FD013784-98B1-44E4-BD23-B06D54D0EDD8}.Release|Any CPU.ActiveCfg = Release|Any CPU
		{FD013784-98B1-44E4-BD23-B06D54D0EDD8}.Release|Any CPU.Build.0 = Release|Any CPU
	EndGlobalSection
	GlobalSection(SolutionProperties) = preSolution
		HideSolutionNode = FALSE
	EndGlobalSection
	GlobalSection(ExtensibilityGlobals) = postSolution
		SolutionGuid = {FC4B239C-6C9A-4F33-94FF-313C9941CA3D}
	EndGlobalSection
EndGlobal
