
Microsoft Visual Studio Solution File, Format Version 12.00
# Visual Studio Version 17
VisualStudioVersion = 17.5.002.0
MinimumVisualStudioVersion = 10.0.40219.1
Project("{9A19103F-16F7-4668-BE54-9A1E7A4F7556}") = "Leet542", "Leet542.csproj", "{B3094690-913D-4AD1-AF29-0CB274CFD181}"
EndProject
Global
	GlobalSection(SolutionConfigurationPlatforms) = preSolution
		Debug|Any CPU = Debug|Any CPU
		Release|Any CPU = Release|Any CPU
	EndGlobalSection
	GlobalSection(ProjectConfigurationPlatforms) = postSolution
		{B3094690-913D-4AD1-AF29-0CB274CFD181}.Debug|Any CPU.ActiveCfg = Debug|Any CPU
		{B3094690-913D-4AD1-AF29-0CB274CFD181}.Debug|Any CPU.Build.0 = Debug|Any CPU
		{B3094690-913D-4AD1-AF29-0CB274CFD181}.Release|Any CPU.ActiveCfg = Release|Any CPU
		{B3094690-913D-4AD1-AF29-0CB274CFD181}.Release|Any CPU.Build.0 = Release|Any CPU
	EndGlobalSection
	GlobalSection(SolutionProperties) = preSolution
		HideSolutionNode = FALSE
	EndGlobalSection
	GlobalSection(ExtensibilityGlobals) = postSolution
		SolutionGuid = {FBD36C64-4385-496D-A585-A13B605360F7}
	EndGlobalSection
EndGlobal
