
Microsoft Visual Studio Solution File, Format Version 12.00
# Visual Studio Version 17
VisualStudioVersion = 17.5.002.0
MinimumVisualStudioVersion = 10.0.40219.1
Project("{9A19103F-16F7-4668-BE54-9A1E7A4F7556}") = "Leet50", "Leet50.csproj", "{5F1FBC02-5F1B-43B7-848F-5D96C548FEEA}"
EndProject
Global
	GlobalSection(SolutionConfigurationPlatforms) = preSolution
		Debug|Any CPU = Debug|Any CPU
		Release|Any CPU = Release|Any CPU
	EndGlobalSection
	GlobalSection(ProjectConfigurationPlatforms) = postSolution
		{5F1FBC02-5F1B-43B7-848F-5D96C548FEEA}.Debug|Any CPU.ActiveCfg = Debug|Any CPU
		{5F1FBC02-5F1B-43B7-848F-5D96C548FEEA}.Debug|Any CPU.Build.0 = Debug|Any CPU
		{5F1FBC02-5F1B-43B7-848F-5D96C548FEEA}.Release|Any CPU.ActiveCfg = Release|Any CPU
		{5F1FBC02-5F1B-43B7-848F-5D96C548FEEA}.Release|Any CPU.Build.0 = Release|Any CPU
	EndGlobalSection
	GlobalSection(SolutionProperties) = preSolution
		HideSolutionNode = FALSE
	EndGlobalSection
	GlobalSection(ExtensibilityGlobals) = postSolution
		SolutionGuid = {E1EC991E-27A7-437B-96D9-0AC800E1F3F1}
	EndGlobalSection
EndGlobal
