
Microsoft Visual Studio Solution File, Format Version 12.00
# Visual Studio Version 17
VisualStudioVersion = 17.5.002.0
MinimumVisualStudioVersion = 10.0.40219.1
Project("{9A19103F-16F7-4668-BE54-9A1E7A4F7556}") = "Leet_111", "Leet_111.csproj", "{800148E5-2C35-44D9-BB51-8D42967BA9C0}"
EndProject
Global
	GlobalSection(SolutionConfigurationPlatforms) = preSolution
		Debug|Any CPU = Debug|Any CPU
		Release|Any CPU = Release|Any CPU
	EndGlobalSection
	GlobalSection(ProjectConfigurationPlatforms) = postSolution
		{800148E5-2C35-44D9-BB51-8D42967BA9C0}.Debug|Any CPU.ActiveCfg = Debug|Any CPU
		{800148E5-2C35-44D9-BB51-8D42967BA9C0}.Debug|Any CPU.Build.0 = Debug|Any CPU
		{800148E5-2C35-44D9-BB51-8D42967BA9C0}.Release|Any CPU.ActiveCfg = Release|Any CPU
		{800148E5-2C35-44D9-BB51-8D42967BA9C0}.Release|Any CPU.Build.0 = Release|Any CPU
	EndGlobalSection
	GlobalSection(SolutionProperties) = preSolution
		HideSolutionNode = FALSE
	EndGlobalSection
	GlobalSection(ExtensibilityGlobals) = postSolution
		SolutionGuid = {D62312FC-D50D-45CC-8BFB-6CF0E629F264}
	EndGlobalSection
EndGlobal
