
Microsoft Visual Studio Solution File, Format Version 12.00
# Visual Studio Version 17
VisualStudioVersion = 17.5.002.0
MinimumVisualStudioVersion = 10.0.40219.1
Project("{9A19103F-16F7-4668-BE54-9A1E7A4F7556}") = "Leet_83", "Leet_83.csproj", "{2A77F892-196B-490C-92E1-CC16A908663B}"
EndProject
Global
	GlobalSection(SolutionConfigurationPlatforms) = preSolution
		Debug|Any CPU = Debug|Any CPU
		Release|Any CPU = Release|Any CPU
	EndGlobalSection
	GlobalSection(ProjectConfigurationPlatforms) = postSolution
		{2A77F892-196B-490C-92E1-CC16A908663B}.Debug|Any CPU.ActiveCfg = Debug|Any CPU
		{2A77F892-196B-490C-92E1-CC16A908663B}.Debug|Any CPU.Build.0 = Debug|Any CPU
		{2A77F892-196B-490C-92E1-CC16A908663B}.Release|Any CPU.ActiveCfg = Release|Any CPU
		{2A77F892-196B-490C-92E1-CC16A908663B}.Release|Any CPU.Build.0 = Release|Any CPU
	EndGlobalSection
	GlobalSection(SolutionProperties) = preSolution
		HideSolutionNode = FALSE
	EndGlobalSection
	GlobalSection(ExtensibilityGlobals) = postSolution
		SolutionGuid = {25ADA07A-ABC9-4182-9B05-E4D6E53F2927}
	EndGlobalSection
EndGlobal
