
Microsoft Visual Studio Solution File, Format Version 12.00
# Visual Studio Version 17
VisualStudioVersion = 17.5.002.0
MinimumVisualStudioVersion = 10.0.40219.1
Project("{9A19103F-16F7-4668-BE54-9A1E7A4F7556}") = "Leet_12", "Leet_12.csproj", "{064B4DA0-E8D3-436D-AB16-EFFB2D5567D3}"
EndProject
Global
	GlobalSection(SolutionConfigurationPlatforms) = preSolution
		Debug|Any CPU = Debug|Any CPU
		Release|Any CPU = Release|Any CPU
	EndGlobalSection
	GlobalSection(ProjectConfigurationPlatforms) = postSolution
		{064B4DA0-E8D3-436D-AB16-EFFB2D5567D3}.Debug|Any CPU.ActiveCfg = Debug|Any CPU
		{064B4DA0-E8D3-436D-AB16-EFFB2D5567D3}.Debug|Any CPU.Build.0 = Debug|Any CPU
		{064B4DA0-E8D3-436D-AB16-EFFB2D5567D3}.Release|Any CPU.ActiveCfg = Release|Any CPU
		{064B4DA0-E8D3-436D-AB16-EFFB2D5567D3}.Release|Any CPU.Build.0 = Release|Any CPU
	EndGlobalSection
	GlobalSection(SolutionProperties) = preSolution
		HideSolutionNode = FALSE
	EndGlobalSection
	GlobalSection(ExtensibilityGlobals) = postSolution
		SolutionGuid = {DED2819E-A13E-4832-BA53-180EA199465D}
	EndGlobalSection
EndGlobal
